
Microsoft Visual Studio Solution File, Format Version 12.00
# Visual Studio 15
VisualStudioVersion = 15.0.28307.168
MinimumVisualStudioVersion = 10.0.40219.1
Project("{FAE04EC0-301F-11D3-BF4B-00C04F79EFBC}") = "OracleDBTest", "OracleDBTest\OracleDBTest.csproj", "{4E868354-740D-4A76-85F5-B97ED05C8940}"
EndProject
Global
	GlobalSection(SolutionConfigurationPlatforms) = preSolution
		Debug|Any CPU = Debug|Any CPU
		Release|Any CPU = Release|Any CPU
	EndGlobalSection
	GlobalSection(ProjectConfigurationPlatforms) = postSolution
		{4E868354-740D-4A76-85F5-B97ED05C8940}.Debug|Any CPU.ActiveCfg = Debug|Any CPU
		{4E868354-740D-4A76-85F5-B97ED05C8940}.Debug|Any CPU.Build.0 = Debug|Any CPU
		{4E868354-740D-4A76-85F5-B97ED05C8940}.Release|Any CPU.ActiveCfg = Release|Any CPU
		{4E868354-740D-4A76-85F5-B97ED05C8940}.Release|Any CPU.Build.0 = Release|Any CPU
	EndGlobalSection
	GlobalSection(SolutionProperties) = preSolution
		HideSolutionNode = FALSE
	EndGlobalSection
	GlobalSection(ExtensibilityGlobals) = postSolution
		SolutionGuid = {3ECD3938-2740-4635-BBB7-573ED483B098}
	EndGlobalSection
EndGlobal
